
Microsoft Visual Studio Solution File, Format Version 12.00
# Visual Studio Version 17
VisualStudioVersion = 17.3.32922.545
MinimumVisualStudioVersion = 10.0.40219.1
Project("{FAE04EC0-301F-11D3-BF4B-00C04F79EFBC}") = "Projekt", "Projekt\Projekt.csproj", "{DEBD3715-8C20-4593-9B96-99C1175F99BC}"
EndProject
Global
	GlobalSection(SolutionConfigurationPlatforms) = preSolution
		Debug|Any CPU = Debug|Any CPU
		Release|Any CPU = Release|Any CPU
	EndGlobalSection
	GlobalSection(ProjectConfigurationPlatforms) = postSolution
		{DEBD3715-8C20-4593-9B96-99C1175F99BC}.Debug|Any CPU.ActiveCfg = Debug|Any CPU
		{DEBD3715-8C20-4593-9B96-99C1175F99BC}.Debug|Any CPU.Build.0 = Debug|Any CPU
		{DEBD3715-8C20-4593-9B96-99C1175F99BC}.Release|Any CPU.ActiveCfg = Release|Any CPU
		{DEBD3715-8C20-4593-9B96-99C1175F99BC}.Release|Any CPU.Build.0 = Release|Any CPU
	EndGlobalSection
	GlobalSection(SolutionProperties) = preSolution
		HideSolutionNode = FALSE
	EndGlobalSection
	GlobalSection(ExtensibilityGlobals) = postSolution
		SolutionGuid = {72052748-E9A6-4609-A62B-784F00D9A702}
	EndGlobalSection
EndGlobal
